
Microsoft Visual Studio Solution File, Format Version 12.00
Project("{FAE04EC0-301F-11D3-BF4B-00C04F79EFBC}") = "Domain", "Domain\Domain.csproj", "{985FCB1A-6426-4C81-9B9B-75548E3F0004}"
EndProject
Project("{FAE04EC0-301F-11D3-BF4B-00C04F79EFBC}") = "Logger", "Logger\Logger.csproj", "{792B6DC9-C37D-4AC0-9934-839D29565130}"
EndProject
Global
	GlobalSection(SolutionConfigurationPlatforms) = preSolution
		Debug|Any CPU = Debug|Any CPU
		Release|Any CPU = Release|Any CPU
	EndGlobalSection
	GlobalSection(ProjectConfigurationPlatforms) = postSolution
		{985FCB1A-6426-4C81-9B9B-75548E3F0004}.Debug|Any CPU.ActiveCfg = Debug|Any CPU
		{985FCB1A-6426-4C81-9B9B-75548E3F0004}.Debug|Any CPU.Build.0 = Debug|Any CPU
		{985FCB1A-6426-4C81-9B9B-75548E3F0004}.Release|Any CPU.ActiveCfg = Release|Any CPU
		{985FCB1A-6426-4C81-9B9B-75548E3F0004}.Release|Any CPU.Build.0 = Release|Any CPU
		{792B6DC9-C37D-4AC0-9934-839D29565130}.Debug|Any CPU.ActiveCfg = Debug|Any CPU
		{792B6DC9-C37D-4AC0-9934-839D29565130}.Debug|Any CPU.Build.0 = Debug|Any CPU
		{792B6DC9-C37D-4AC0-9934-839D29565130}.Release|Any CPU.ActiveCfg = Release|Any CPU
		{792B6DC9-C37D-4AC0-9934-839D29565130}.Release|Any CPU.Build.0 = Release|Any CPU
	EndGlobalSection
EndGlobal
